
Microsoft Visual Studio Solution File, Format Version 12.00
# Visual Studio Version 16
VisualStudioVersion = 25.0.1705.4
MinimumVisualStudioVersion = 10.0.40219.1
Project("{FAE04EC0-301F-11D3-BF4B-00C04F79EFBC}") = "Builder", "Builder\Builder.csproj", "{C2C1E1F2-A7FB-4B72-8D82-DEB7B57664B3}"
EndProject
Project("{FAE04EC0-301F-11D3-BF4B-00C04F79EFBC}") = "FluentBuilder", "FluentBuilder\FluentBuilder.csproj", "{9474DBBF-2CC0-49D0-A12D-9818AECBF64A}"
EndProject
Project("{FAE04EC0-301F-11D3-BF4B-00C04F79EFBC}") = "Stepwisebuilder", "Stepwisebuilder\Stepwisebuilder.csproj", "{904B4AA2-EB09-483A-9FB2-B7CDFED4D1B5}"
EndProject
Project("{FAE04EC0-301F-11D3-BF4B-00C04F79EFBC}") = "FunctionalBuilder", "FunctionalBuilder\FunctionalBuilder.csproj", "{D3F47261-21F7-44E5-BBD1-B9EB5F2B7241}"
EndProject
Project("{FAE04EC0-301F-11D3-BF4B-00C04F79EFBC}") = "FacetedBuilder", "FacetedBuilder\FacetedBuilder.csproj", "{D617E778-FEF5-4A5F-9BCD-6AA5C6709CB1}"
EndProject
Global
	GlobalSection(SolutionConfigurationPlatforms) = preSolution
		Debug|Any CPU = Debug|Any CPU
		Release|Any CPU = Release|Any CPU
	EndGlobalSection
	GlobalSection(ProjectConfigurationPlatforms) = postSolution
		{C2C1E1F2-A7FB-4B72-8D82-DEB7B57664B3}.Debug|Any CPU.ActiveCfg = Debug|Any CPU
		{C2C1E1F2-A7FB-4B72-8D82-DEB7B57664B3}.Debug|Any CPU.Build.0 = Debug|Any CPU
		{C2C1E1F2-A7FB-4B72-8D82-DEB7B57664B3}.Release|Any CPU.ActiveCfg = Release|Any CPU
		{C2C1E1F2-A7FB-4B72-8D82-DEB7B57664B3}.Release|Any CPU.Build.0 = Release|Any CPU
		{9474DBBF-2CC0-49D0-A12D-9818AECBF64A}.Debug|Any CPU.ActiveCfg = Debug|Any CPU
		{9474DBBF-2CC0-49D0-A12D-9818AECBF64A}.Debug|Any CPU.Build.0 = Debug|Any CPU
		{9474DBBF-2CC0-49D0-A12D-9818AECBF64A}.Release|Any CPU.ActiveCfg = Release|Any CPU
		{9474DBBF-2CC0-49D0-A12D-9818AECBF64A}.Release|Any CPU.Build.0 = Release|Any CPU
		{904B4AA2-EB09-483A-9FB2-B7CDFED4D1B5}.Debug|Any CPU.ActiveCfg = Debug|Any CPU
		{904B4AA2-EB09-483A-9FB2-B7CDFED4D1B5}.Debug|Any CPU.Build.0 = Debug|Any CPU
		{904B4AA2-EB09-483A-9FB2-B7CDFED4D1B5}.Release|Any CPU.ActiveCfg = Release|Any CPU
		{904B4AA2-EB09-483A-9FB2-B7CDFED4D1B5}.Release|Any CPU.Build.0 = Release|Any CPU
		{D3F47261-21F7-44E5-BBD1-B9EB5F2B7241}.Debug|Any CPU.ActiveCfg = Debug|Any CPU
		{D3F47261-21F7-44E5-BBD1-B9EB5F2B7241}.Debug|Any CPU.Build.0 = Debug|Any CPU
		{D3F47261-21F7-44E5-BBD1-B9EB5F2B7241}.Release|Any CPU.ActiveCfg = Release|Any CPU
		{D3F47261-21F7-44E5-BBD1-B9EB5F2B7241}.Release|Any CPU.Build.0 = Release|Any CPU
		{D617E778-FEF5-4A5F-9BCD-6AA5C6709CB1}.Debug|Any CPU.ActiveCfg = Debug|Any CPU
		{D617E778-FEF5-4A5F-9BCD-6AA5C6709CB1}.Debug|Any CPU.Build.0 = Debug|Any CPU
		{D617E778-FEF5-4A5F-9BCD-6AA5C6709CB1}.Release|Any CPU.ActiveCfg = Release|Any CPU
		{D617E778-FEF5-4A5F-9BCD-6AA5C6709CB1}.Release|Any CPU.Build.0 = Release|Any CPU
	EndGlobalSection
	GlobalSection(SolutionProperties) = preSolution
		HideSolutionNode = FALSE
	EndGlobalSection
	GlobalSection(ExtensibilityGlobals) = postSolution
		SolutionGuid = {C44EB7B4-B8BB-4DD9-95FD-719F09A213F0}
	EndGlobalSection
EndGlobal
