
Microsoft Visual Studio Solution File, Format Version 12.00
# Visual Studio Version 16
VisualStudioVersion = 25.0.1705.4
MinimumVisualStudioVersion = 10.0.40219.1
Project("{FAE04EC0-301F-11D3-BF4B-00C04F79EFBC}") = "Interpreter", "Interpreter\Interpreter.csproj", "{243B8866-D613-4A91-928A-34BB257FCEF0}"
EndProject
Global
	GlobalSection(SolutionConfigurationPlatforms) = preSolution
		Debug|Any CPU = Debug|Any CPU
		Release|Any CPU = Release|Any CPU
	EndGlobalSection
	GlobalSection(ProjectConfigurationPlatforms) = postSolution
		{243B8866-D613-4A91-928A-34BB257FCEF0}.Debug|Any CPU.ActiveCfg = Debug|Any CPU
		{243B8866-D613-4A91-928A-34BB257FCEF0}.Debug|Any CPU.Build.0 = Debug|Any CPU
		{243B8866-D613-4A91-928A-34BB257FCEF0}.Release|Any CPU.ActiveCfg = Release|Any CPU
		{243B8866-D613-4A91-928A-34BB257FCEF0}.Release|Any CPU.Build.0 = Release|Any CPU
	EndGlobalSection
	GlobalSection(SolutionProperties) = preSolution
		HideSolutionNode = FALSE
	EndGlobalSection
	GlobalSection(ExtensibilityGlobals) = postSolution
		SolutionGuid = {8EBA1F4C-E9BB-407A-84D4-EE33E3820B53}
	EndGlobalSection
EndGlobal
