
Microsoft Visual Studio Solution File, Format Version 12.00
# Visual Studio Version 16
VisualStudioVersion = 25.0.1705.4
MinimumVisualStudioVersion = 10.0.40219.1
Project("{FAE04EC0-301F-11D3-BF4B-00C04F79EFBC}") = "StructuralAdapter", "StructuralAdapter\StructuralAdapter.csproj", "{DC7C86F5-CBA7-4EDA-8D42-FAFE929397D6}"
EndProject
Project("{FAE04EC0-301F-11D3-BF4B-00C04F79EFBC}") = "AdapterCaching", "GenericValueAdapter\AdapterCaching.csproj", "{C7CE1CEE-D9F2-4CDE-A390-C452A7B778F7}"
EndProject
Project("{FAE04EC0-301F-11D3-BF4B-00C04F79EFBC}") = "genericAdapter", "genericAdapter\genericAdapter.csproj", "{9ACCE4BC-464B-4B53-BAC8-95D121366CE0}"
EndProject
Global
	GlobalSection(SolutionConfigurationPlatforms) = preSolution
		Debug|Any CPU = Debug|Any CPU
		Release|Any CPU = Release|Any CPU
	EndGlobalSection
	GlobalSection(ProjectConfigurationPlatforms) = postSolution
		{DC7C86F5-CBA7-4EDA-8D42-FAFE929397D6}.Debug|Any CPU.ActiveCfg = Debug|Any CPU
		{DC7C86F5-CBA7-4EDA-8D42-FAFE929397D6}.Debug|Any CPU.Build.0 = Debug|Any CPU
		{DC7C86F5-CBA7-4EDA-8D42-FAFE929397D6}.Release|Any CPU.ActiveCfg = Release|Any CPU
		{DC7C86F5-CBA7-4EDA-8D42-FAFE929397D6}.Release|Any CPU.Build.0 = Release|Any CPU
		{C7CE1CEE-D9F2-4CDE-A390-C452A7B778F7}.Debug|Any CPU.ActiveCfg = Debug|Any CPU
		{C7CE1CEE-D9F2-4CDE-A390-C452A7B778F7}.Debug|Any CPU.Build.0 = Debug|Any CPU
		{C7CE1CEE-D9F2-4CDE-A390-C452A7B778F7}.Release|Any CPU.ActiveCfg = Release|Any CPU
		{C7CE1CEE-D9F2-4CDE-A390-C452A7B778F7}.Release|Any CPU.Build.0 = Release|Any CPU
		{9ACCE4BC-464B-4B53-BAC8-95D121366CE0}.Debug|Any CPU.ActiveCfg = Debug|Any CPU
		{9ACCE4BC-464B-4B53-BAC8-95D121366CE0}.Debug|Any CPU.Build.0 = Debug|Any CPU
		{9ACCE4BC-464B-4B53-BAC8-95D121366CE0}.Release|Any CPU.ActiveCfg = Release|Any CPU
		{9ACCE4BC-464B-4B53-BAC8-95D121366CE0}.Release|Any CPU.Build.0 = Release|Any CPU
	EndGlobalSection
	GlobalSection(SolutionProperties) = preSolution
		HideSolutionNode = FALSE
	EndGlobalSection
	GlobalSection(ExtensibilityGlobals) = postSolution
		SolutionGuid = {9C49D317-B882-4159-AACC-6FA725623B52}
	EndGlobalSection
EndGlobal
